hash: b7cd61b63af3b3db138ad97b3f39863187c5a24d9eb611d97c375e9dff358fc9
updated: 2018-05-31T18:13:44.407483875+05:30
imports:
- name: github.com/beorn7/perks
  version: 3ac7bf7a47d159a033b107610db8a1b6575507a4
- name: github.com/blang/semver
  version: b38d23b8782a487059e8fc8773e9a5b228a77cb6
- name: github.com/coreos/etcd
  version: 121edf0467052d55876a817b89875fb39a99bf78
- name: github.com/coreos/go-semver
  version: d043ae190b3202550d026daf009359bb5d761672
- name: github.com/davecgh/go-spew
  version: 782f4967f2dc4564575ca782fe2d04090b5faca8
- name: github.com/docker/distribution
  version: a25d9964dcb79db32040eaf6a09016f21bba3952
  repo: https://github.com/openshift/docker-distribution
  subpackages:
  - digestset
  - reference
- name: github.com/emicklei/go-restful
  version: ff4f55a206334ef123e4f79bbf348980da81ca46
  subpackages:
  - log
- name: github.com/ghodss/yaml
  version: 73d445a93680fa1a78ae23a5839bad48f32ba1ee
- name: github.com/go-openapi/jsonpointer
  version: 46af16f9f7b149af66e5d1bd010e3574dc06de98
- name: github.com/go-openapi/jsonreference
  version: 13c6e3589ad90f49bd3e3bbe2c2cb3d7a4142272
- name: github.com/go-openapi/spec
  version: 7abd5745472fff5eb3685386d5fb8bf38683154d
- name: github.com/go-openapi/swag
  version: f3f9494671f93fcff853e3c6e9e948b3eb71e590
- name: github.com/gogo/protobuf
  version: c0656edd0d9eab7c66d1eb0c568f9039345796f7
  subpackages:
  - proto
  - sortkeys
- name: github.com/golang/glog
  version: 44145f04b68cf362d9c4df2182967c2275eaefed
- name: github.com/golang/protobuf
  version: 4bd1920723d7b7c925de087aa32e2187708897f7
- name: github.com/google/gofuzz
  version: 44d81051d367757e1c7c6a5a86423ece9afcf63c
- name: github.com/hashicorp/golang-lru
  version: a0d98a5f288019575c6d1f4bb1573fef2d1fcdc4
- name: github.com/juju/ratelimit
  version: 5b9ff866471762aa2ab2dced63c9fb6f53921342
- name: github.com/mailru/easyjson
  version: 2f5df55504ebc322e4d52d34df6a1f5b503bf26d
  subpackages:
  - buffer
  - jlexer
  - jwriter
- name: github.com/matttproud/golang_protobuf_extensions
  version: fc2b8d3a73c4867e51861bbdd5ae3c1f0869dd6a
- name: github.com/opencontainers/go-digest
  version: a6d0ee40d4207ea02364bd3b9e8e77b9159ba1eb
- name: github.com/openshift/api
  version: 0d921e363e951d89f583292c60d013c318df64dc
  subpackages:
  - apps/v1
  - authorization/v1
  - build/v1
  - image/docker10
  - image/dockerpre012
  - image/v1
  - oauth/v1
  - pkg/serialization
  - project/v1
  - route/v1
  - security/v1
  - template/v1
  - user/v1
- name: github.com/openshift/origin
  version: 191fece9305a76f262baacc9de72c2c8cb4d5601
  subpackages:
  - pkg/api/apihelpers
  - pkg/apps/apis/apps
  - pkg/apps/apis/apps/v1
  - pkg/authorization/apis/authorization
  - pkg/authorization/apis/authorization/internal/serviceaccount
  - pkg/authorization/apis/authorization/v1
  - pkg/build/apis/build
  - pkg/build/apis/build/v1
  - pkg/image/apis/image
  - pkg/image/apis/image/internal/digest
  - pkg/image/apis/image/internal/reference
  - pkg/image/apis/image/v1
  - pkg/oauth/apis/oauth
  - pkg/oauth/apis/oauth/v1
  - pkg/project/apis/project
  - pkg/project/apis/project/v1
  - pkg/route/apis/route
  - pkg/route/apis/route/v1
  - pkg/security/apis/security
  - pkg/security/apis/security/v1
  - pkg/security/securitycontextconstraints/util
  - pkg/template/apis/template
  - pkg/template/apis/template/v1
  - pkg/user/apis/user
  - pkg/user/apis/user/v1
- name: github.com/pborman/uuid
  version: ca53cad383cad2479bbba7f7a1a05797ec1386e4
- name: github.com/prometheus/client_golang
  version: e7e903064f5e9eb5da98208bae10b475d4db0f8c
- name: github.com/prometheus/client_model
  version: fa8ad6fec33561be4280a8f0514318c79d7f6cb6
- name: github.com/prometheus/common
  version: 13ba4ddd0caa9c28ca7b7bffe1dfa9ed8d5ef207
- name: github.com/prometheus/procfs
  version: 65c1f6f8f0fc1e2185eb9863a3bc751496404259
- name: github.com/PuerkitoBio/purell
  version: 8a290539e2e8629dbc4e6bad948158f790ec31f4
- name: github.com/PuerkitoBio/urlesc
  version: 5bd2802263f21d8788851d5305584c82a5c75d7e
- name: github.com/spf13/pflag
  version: 9ff6c6923cfffbcd502984b8e0c80539a94968b7
- name: github.com/ugorji/go
  version: ded73eae5db7e7a0ef6f55aace87a2873c5d2b74
- name: golang.org/x/net
  version: 1c05540f6879653db88113bc4a2b70aec4bd491f
  subpackages:
  - idna
- name: golang.org/x/text
  version: b19bf474d317b857955b12035d2c5acb57ce8b01
  subpackages:
  - cases
  - internal
  - internal/tag
  - language
  - runes
  - secure/bidirule
  - secure/precis
  - transform
  - unicode/bidi
  - unicode/norm
  - width
- name: google.golang.org/grpc
  version: d2e1b51f33ff8c5e4a15560ff049d200e83726c5
- name: gopkg.in/inf.v0
  version: 3887ee99ecf07df5b447e9b00d9c0b2adaa9f3e4
- name: gopkg.in/yaml.v2
  version: 53feefa2559fb8dfa8d81baad31be332c97d6c77
- name: k8s.io/kube-openapi
  version: 39a7bf85c140f972372c2a0d1ee40adbf0c8bfe1
  subpackages:
  - pkg/common
- name: k8s.io/kubernetes
  version: f31875c5a8a05bb281cb6900e86033ba6f65856c
  repo: https://github.com/openshift/kubernetes.git
  vcs: git
  subpackages:
  - pkg/api/legacyscheme
  - pkg/api/unversioned
  - pkg/apis/apps
  - pkg/apis/apps/v1beta1
  - pkg/apis/authentication
  - pkg/apis/authentication/v1
  - pkg/apis/authorization
  - pkg/apis/authorization/v1
  - pkg/apis/autoscaling
  - pkg/apis/autoscaling/v1
  - pkg/apis/batch
  - pkg/apis/batch/v1
  - pkg/apis/batch/v2alpha1
  - pkg/apis/core
  - pkg/apis/core/v1
  - pkg/apis/extensions
  - pkg/apis/extensions/v1beta1
  - pkg/apis/networking
  - pkg/apis/policy
  - pkg/apis/policy/v1beta1
  - pkg/apis/rbac
  - pkg/apis/storage
  - pkg/apis/storage/v1
  - pkg/features
  - pkg/util/parsers
  - pkg/util/pointer
  - pkg/watch/json
testImports: []
